
Microsoft Visual Studio Solution File, Format Version 12.00
# Visual Studio Version 17
VisualStudioVersion = 17.1.32414.318
MinimumVisualStudioVersion = 10.0.40219.1
Project("{FAE04EC0-301F-11D3-BF4B-00C04F79EFBC}") = "Foreach_Dongusu", "Udemy_Foreach_Dongusu\Foreach_Dongusu.csproj", "{78BF398A-1CC1-4008-901C-DB8BDAD1243D}"
EndProject
Global
	GlobalSection(SolutionConfigurationPlatforms) = preSolution
		Debug|Any CPU = Debug|Any CPU
		Release|Any CPU = Release|Any CPU
	EndGlobalSection
	GlobalSection(ProjectConfigurationPlatforms) = postSolution
		{78BF398A-1CC1-4008-901C-DB8BDAD1243D}.Debug|Any CPU.ActiveCfg = Debug|Any CPU
		{78BF398A-1CC1-4008-901C-DB8BDAD1243D}.Debug|Any CPU.Build.0 = Debug|Any CPU
		{78BF398A-1CC1-4008-901C-DB8BDAD1243D}.Release|Any CPU.ActiveCfg = Release|Any CPU
		{78BF398A-1CC1-4008-901C-DB8BDAD1243D}.Release|Any CPU.Build.0 = Release|Any CPU
	EndGlobalSection
	GlobalSection(SolutionProperties) = preSolution
		HideSolutionNode = FALSE
	EndGlobalSection
	GlobalSection(ExtensibilityGlobals) = postSolution
		SolutionGuid = {D00071EC-BC7F-4780-9F10-7BE036A8AF3E}
	EndGlobalSection
EndGlobal
